
Microsoft Visual Studio Solution File, Format Version 12.00
# Visual Studio 15
VisualStudioVersion = 15.0.28307.168
MinimumVisualStudioVersion = 10.0.40219.1
Project("{FAE04EC0-301F-11D3-BF4B-00C04F79EFBC}") = "UpcomingMovies.Android", "UpcomingMovies\UpcomingMovies.Android\UpcomingMovies.Android.csproj", "{C05391D1-DA6E-4BAC-9438-4E99DE62D7AB}"
EndProject
Project("{FAE04EC0-301F-11D3-BF4B-00C04F79EFBC}") = "UpcomingMovies.iOS", "UpcomingMovies\UpcomingMovies.iOS\UpcomingMovies.iOS.csproj", "{EEC64558-4246-46D7-8389-9ED3589807BF}"
EndProject
Project("{9A19103F-16F7-4668-BE54-9A1E7A4F7556}") = "UpcomingMovies", "UpcomingMovies\UpcomingMovies\UpcomingMovies.csproj", "{EBE80EBB-0FA6-4B97-BB8B-552AC29BBDAB}"
EndProject
Global
	GlobalSection(SolutionConfigurationPlatforms) = preSolution
		Ad-Hoc|Any CPU = Ad-Hoc|Any CPU
		Ad-Hoc|iPhone = Ad-Hoc|iPhone
		Ad-Hoc|iPhoneSimulator = Ad-Hoc|iPhoneSimulator
		AppStore|Any CPU = AppStore|Any CPU
		AppStore|iPhone = AppStore|iPhone
		AppStore|iPhoneSimulator = AppStore|iPhoneSimulator
		Debug|Any CPU = Debug|Any CPU
		Debug|iPhone = Debug|iPhone
		Debug|iPhoneSimulator = Debug|iPhoneSimulator
		Release|Any CPU = Release|Any CPU
		Release|iPhone = Release|iPhone
		Release|iPhoneSimulator = Release|iPhoneSimulator
	EndGlobalSection
	GlobalSection(ProjectConfigurationPlatforms) = postSolution
		{C05391D1-DA6E-4BAC-9438-4E99DE62D7AB}.Ad-Hoc|Any CPU.ActiveCfg = Release|Any CPU
		{C05391D1-DA6E-4BAC-9438-4E99DE62D7AB}.Ad-Hoc|Any CPU.Build.0 = Release|Any CPU
		{C05391D1-DA6E-4BAC-9438-4E99DE62D7AB}.Ad-Hoc|Any CPU.Deploy.0 = Release|Any CPU
		{C05391D1-DA6E-4BAC-9438-4E99DE62D7AB}.Ad-Hoc|iPhone.ActiveCfg = Release|Any CPU
		{C05391D1-DA6E-4BAC-9438-4E99DE62D7AB}.Ad-Hoc|iPhone.Build.0 = Release|Any CPU
		{C05391D1-DA6E-4BAC-9438-4E99DE62D7AB}.Ad-Hoc|iPhone.Deploy.0 = Release|Any CPU
		{C05391D1-DA6E-4BAC-9438-4E99DE62D7AB}.Ad-Hoc|iPhoneSimulator.ActiveCfg = Release|Any CPU
		{C05391D1-DA6E-4BAC-9438-4E99DE62D7AB}.Ad-Hoc|iPhoneSimulator.Build.0 = Release|Any CPU
		{C05391D1-DA6E-4BAC-9438-4E99DE62D7AB}.Ad-Hoc|iPhoneSimulator.Deploy.0 = Release|Any CPU
		{C05391D1-DA6E-4BAC-9438-4E99DE62D7AB}.AppStore|Any CPU.ActiveCfg = Release|Any CPU
		{C05391D1-DA6E-4BAC-9438-4E99DE62D7AB}.AppStore|Any CPU.Build.0 = Release|Any CPU
		{C05391D1-DA6E-4BAC-9438-4E99DE62D7AB}.AppStore|Any CPU.Deploy.0 = Release|Any CPU
		{C05391D1-DA6E-4BAC-9438-4E99DE62D7AB}.AppStore|iPhone.ActiveCfg = Release|Any CPU
		{C05391D1-DA6E-4BAC-9438-4E99DE62D7AB}.AppStore|iPhone.Build.0 = Release|Any CPU
		{C05391D1-DA6E-4BAC-9438-4E99DE62D7AB}.AppStore|iPhone.Deploy.0 = Release|Any CPU
		{C05391D1-DA6E-4BAC-9438-4E99DE62D7AB}.AppStore|iPhoneSimulator.ActiveCfg = Release|Any CPU
		{C05391D1-DA6E-4BAC-9438-4E99DE62D7AB}.AppStore|iPhoneSimulator.Build.0 = Release|Any CPU
		{C05391D1-DA6E-4BAC-9438-4E99DE62D7AB}.AppStore|iPhoneSimulator.Deploy.0 = Release|Any CPU
		{C05391D1-DA6E-4BAC-9438-4E99DE62D7AB}.Debug|Any CPU.ActiveCfg = Debug|Any CPU
		{C05391D1-DA6E-4BAC-9438-4E99DE62D7AB}.Debug|Any CPU.Build.0 = Debug|Any CPU
		{C05391D1-DA6E-4BAC-9438-4E99DE62D7AB}.Debug|Any CPU.Deploy.0 = Debug|Any CPU
		{C05391D1-DA6E-4BAC-9438-4E99DE62D7AB}.Debug|iPhone.ActiveCfg = Debug|Any CPU
		{C05391D1-DA6E-4BAC-9438-4E99DE62D7AB}.Debug|iPhone.Build.0 = Debug|Any CPU
		{C05391D1-DA6E-4BAC-9438-4E99DE62D7AB}.Debug|iPhone.Deploy.0 = Debug|Any CPU
		{C05391D1-DA6E-4BAC-9438-4E99DE62D7AB}.Debug|iPhoneSimulator.ActiveCfg = Debug|Any CPU
		{C05391D1-DA6E-4BAC-9438-4E99DE62D7AB}.Debug|iPhoneSimulator.Build.0 = Debug|Any CPU
		{C05391D1-DA6E-4BAC-9438-4E99DE62D7AB}.Debug|iPhoneSimulator.Deploy.0 = Debug|Any CPU
		{C05391D1-DA6E-4BAC-9438-4E99DE62D7AB}.Release|Any CPU.ActiveCfg = Release|Any CPU
		{C05391D1-DA6E-4BAC-9438-4E99DE62D7AB}.Release|Any CPU.Build.0 = Release|Any CPU
		{C05391D1-DA6E-4BAC-9438-4E99DE62D7AB}.Release|Any CPU.Deploy.0 = Release|Any CPU
		{C05391D1-DA6E-4BAC-9438-4E99DE62D7AB}.Release|iPhone.ActiveCfg = Release|Any CPU
		{C05391D1-DA6E-4BAC-9438-4E99DE62D7AB}.Release|iPhone.Build.0 = Release|Any CPU
		{C05391D1-DA6E-4BAC-9438-4E99DE62D7AB}.Release|iPhone.Deploy.0 = Release|Any CPU
		{C05391D1-DA6E-4BAC-9438-4E99DE62D7AB}.Release|iPhoneSimulator.ActiveCfg = Release|Any CPU
		{C05391D1-DA6E-4BAC-9438-4E99DE62D7AB}.Release|iPhoneSimulator.Build.0 = Release|Any CPU
		{C05391D1-DA6E-4BAC-9438-4E99DE62D7AB}.Release|iPhoneSimulator.Deploy.0 = Release|Any CPU
		{EEC64558-4246-46D7-8389-9ED3589807BF}.Ad-Hoc|Any CPU.ActiveCfg = Ad-Hoc|iPhone
		{EEC64558-4246-46D7-8389-9ED3589807BF}.Ad-Hoc|Any CPU.Build.0 = Ad-Hoc|iPhone
		{EEC64558-4246-46D7-8389-9ED3589807BF}.Ad-Hoc|Any CPU.Deploy.0 = Ad-Hoc|iPhone
		{EEC64558-4246-46D7-8389-9ED3589807BF}.Ad-Hoc|iPhone.ActiveCfg = Ad-Hoc|iPhone
		{EEC64558-4246-46D7-8389-9ED3589807BF}.Ad-Hoc|iPhone.Build.0 = Ad-Hoc|iPhone
		{EEC64558-4246-46D7-8389-9ED3589807BF}.Ad-Hoc|iPhone.Deploy.0 = Ad-Hoc|iPhone
		{EEC64558-4246-46D7-8389-9ED3589807BF}.Ad-Hoc|iPhoneSimulator.ActiveCfg = Ad-Hoc|iPhoneSimulator
		{EEC64558-4246-46D7-8389-9ED3589807BF}.Ad-Hoc|iPhoneSimulator.Build.0 = Ad-Hoc|iPhoneSimulator
		{EEC64558-4246-46D7-8389-9ED3589807BF}.Ad-Hoc|iPhoneSimulator.Deploy.0 = Ad-Hoc|iPhoneSimulator
		{EEC64558-4246-46D7-8389-9ED3589807BF}.AppStore|Any CPU.ActiveCfg = AppStore|iPhone
		{EEC64558-4246-46D7-8389-9ED3589807BF}.AppStore|Any CPU.Build.0 = AppStore|iPhone
		{EEC64558-4246-46D7-8389-9ED3589807BF}.AppStore|Any CPU.Deploy.0 = AppStore|iPhone
		{EEC64558-4246-46D7-8389-9ED3589807BF}.AppStore|iPhone.ActiveCfg = AppStore|iPhone
		{EEC64558-4246-46D7-8389-9ED3589807BF}.AppStore|iPhone.Build.0 = AppStore|iPhone
		{EEC64558-4246-46D7-8389-9ED3589807BF}.AppStore|iPhone.Deploy.0 = AppStore|iPhone
		{EEC64558-4246-46D7-8389-9ED3589807BF}.AppStore|iPhoneSimulator.ActiveCfg = AppStore|iPhoneSimulator
		{EEC64558-4246-46D7-8389-9ED3589807BF}.AppStore|iPhoneSimulator.Build.0 = AppStore|iPhoneSimulator
		{EEC64558-4246-46D7-8389-9ED3589807BF}.AppStore|iPhoneSimulator.Deploy.0 = AppStore|iPhoneSimulator
		{EEC64558-4246-46D7-8389-9ED3589807BF}.Debug|Any CPU.ActiveCfg = Debug|iPhoneSimulator
		{EEC64558-4246-46D7-8389-9ED3589807BF}.Debug|Any CPU.Build.0 = Debug|iPhoneSimulator
		{EEC64558-4246-46D7-8389-9ED3589807BF}.Debug|Any CPU.Deploy.0 = Debug|iPhoneSimulator
		{EEC64558-4246-46D7-8389-9ED3589807BF}.Debug|iPhone.ActiveCfg = Debug|iPhone
		{EEC64558-4246-46D7-8389-9ED3589807BF}.Debug|iPhone.Build.0 = Debug|iPhone
		{EEC64558-4246-46D7-8389-9ED3589807BF}.Debug|iPhone.Deploy.0 = Debug|iPhone
		{EEC64558-4246-46D7-8389-9ED3589807BF}.Debug|iPhoneSimulator.ActiveCfg = Debug|iPhoneSimulator
		{EEC64558-4246-46D7-8389-9ED3589807BF}.Debug|iPhoneSimulator.Build.0 = Debug|iPhoneSimulator
		{EEC64558-4246-46D7-8389-9ED3589807BF}.Debug|iPhoneSimulator.Deploy.0 = Debug|iPhoneSimulator
		{EEC64558-4246-46D7-8389-9ED3589807BF}.Release|Any CPU.ActiveCfg = Release|iPhone
		{EEC64558-4246-46D7-8389-9ED3589807BF}.Release|Any CPU.Build.0 = Release|iPhone
		{EEC64558-4246-46D7-8389-9ED3589807BF}.Release|Any CPU.Deploy.0 = Release|iPhone
		{EEC64558-4246-46D7-8389-9ED3589807BF}.Release|iPhone.ActiveCfg = Release|iPhone
		{EEC64558-4246-46D7-8389-9ED3589807BF}.Release|iPhone.Build.0 = Release|iPhone
		{EEC64558-4246-46D7-8389-9ED3589807BF}.Release|iPhone.Deploy.0 = Release|iPhone
		{EEC64558-4246-46D7-8389-9ED3589807BF}.Release|iPhoneSimulator.ActiveCfg = Release|iPhoneSimulator
		{EEC64558-4246-46D7-8389-9ED3589807BF}.Release|iPhoneSimulator.Build.0 = Release|iPhoneSimulator
		{EEC64558-4246-46D7-8389-9ED3589807BF}.Release|iPhoneSimulator.Deploy.0 = Release|iPhoneSimulator
		{EBE80EBB-0FA6-4B97-BB8B-552AC29BBDAB}.Ad-Hoc|Any CPU.ActiveCfg = Debug|Any CPU
		{EBE80EBB-0FA6-4B97-BB8B-552AC29BBDAB}.Ad-Hoc|Any CPU.Build.0 = Debug|Any CPU
		{EBE80EBB-0FA6-4B97-BB8B-552AC29BBDAB}.Ad-Hoc|Any CPU.Deploy.0 = Debug|Any CPU
		{EBE80EBB-0FA6-4B97-BB8B-552AC29BBDAB}.Ad-Hoc|iPhone.ActiveCfg = Debug|Any CPU
		{EBE80EBB-0FA6-4B97-BB8B-552AC29BBDAB}.Ad-Hoc|iPhone.Build.0 = Debug|Any CPU
		{EBE80EBB-0FA6-4B97-BB8B-552AC29BBDAB}.Ad-Hoc|iPhone.Deploy.0 = Debug|Any CPU
		{EBE80EBB-0FA6-4B97-BB8B-552AC29BBDAB}.Ad-Hoc|iPhoneSimulator.ActiveCfg = Debug|Any CPU
		{EBE80EBB-0FA6-4B97-BB8B-552AC29BBDAB}.Ad-Hoc|iPhoneSimulator.Build.0 = Debug|Any CPU
		{EBE80EBB-0FA6-4B97-BB8B-552AC29BBDAB}.Ad-Hoc|iPhoneSimulator.Deploy.0 = Debug|Any CPU
		{EBE80EBB-0FA6-4B97-BB8B-552AC29BBDAB}.AppStore|Any CPU.ActiveCfg = Debug|Any CPU
		{EBE80EBB-0FA6-4B97-BB8B-552AC29BBDAB}.AppStore|Any CPU.Build.0 = Debug|Any CPU
		{EBE80EBB-0FA6-4B97-BB8B-552AC29BBDAB}.AppStore|Any CPU.Deploy.0 = Debug|Any CPU
		{EBE80EBB-0FA6-4B97-BB8B-552AC29BBDAB}.AppStore|iPhone.ActiveCfg = Debug|Any CPU
		{EBE80EBB-0FA6-4B97-BB8B-552AC29BBDAB}.AppStore|iPhone.Build.0 = Debug|Any CPU
		{EBE80EBB-0FA6-4B97-BB8B-552AC29BBDAB}.AppStore|iPhone.Deploy.0 = Debug|Any CPU
		{EBE80EBB-0FA6-4B97-BB8B-552AC29BBDAB}.AppStore|iPhoneSimulator.ActiveCfg = Debug|Any CPU
		{EBE80EBB-0FA6-4B97-BB8B-552AC29BBDAB}.AppStore|iPhoneSimulator.Build.0 = Debug|Any CPU
		{EBE80EBB-0FA6-4B97-BB8B-552AC29BBDAB}.AppStore|iPhoneSimulator.Deploy.0 = Debug|Any CPU
		{EBE80EBB-0FA6-4B97-BB8B-552AC29BBDAB}.Debug|Any CPU.ActiveCfg = Debug|Any CPU
		{EBE80EBB-0FA6-4B97-BB8B-552AC29BBDAB}.Debug|Any CPU.Build.0 = Debug|Any CPU
		{EBE80EBB-0FA6-4B97-BB8B-552AC29BBDAB}.Debug|Any CPU.Deploy.0 = Debug|Any CPU
		{EBE80EBB-0FA6-4B97-BB8B-552AC29BBDAB}.Debug|iPhone.ActiveCfg = Debug|Any CPU
		{EBE80EBB-0FA6-4B97-BB8B-552AC29BBDAB}.Debug|iPhone.Build.0 = Debug|Any CPU
		{EBE80EBB-0FA6-4B97-BB8B-552AC29BBDAB}.Debug|iPhone.Deploy.0 = Debug|Any CPU
		{EBE80EBB-0FA6-4B97-BB8B-552AC29BBDAB}.Debug|iPhoneSimulator.ActiveCfg = Debug|Any CPU
		{EBE80EBB-0FA6-4B97-BB8B-552AC29BBDAB}.Debug|iPhoneSimulator.Build.0 = Debug|Any CPU
		{EBE80EBB-0FA6-4B97-BB8B-552AC29BBDAB}.Debug|iPhoneSimulator.Deploy.0 = Debug|Any CPU
		{EBE80EBB-0FA6-4B97-BB8B-552AC29BBDAB}.Release|Any CPU.ActiveCfg = Release|Any CPU
		{EBE80EBB-0FA6-4B97-BB8B-552AC29BBDAB}.Release|Any CPU.Build.0 = Release|Any CPU
		{EBE80EBB-0FA6-4B97-BB8B-552AC29BBDAB}.Release|Any CPU.Deploy.0 = Release|Any CPU
		{EBE80EBB-0FA6-4B97-BB8B-552AC29BBDAB}.Release|iPhone.ActiveCfg = Release|Any CPU
		{EBE80EBB-0FA6-4B97-BB8B-552AC29BBDAB}.Release|iPhone.Build.0 = Release|Any CPU
		{EBE80EBB-0FA6-4B97-BB8B-552AC29BBDAB}.Release|iPhone.Deploy.0 = Release|Any CPU
		{EBE80EBB-0FA6-4B97-BB8B-552AC29BBDAB}.Release|iPhoneSimulator.ActiveCfg = Release|Any CPU
		{EBE80EBB-0FA6-4B97-BB8B-552AC29BBDAB}.Release|iPhoneSimulator.Build.0 = Release|Any CPU
		{EBE80EBB-0FA6-4B97-BB8B-552AC29BBDAB}.Release|iPhoneSimulator.Deploy.0 = Release|Any CPU
	EndGlobalSection
	GlobalSection(SolutionProperties) = preSolution
		HideSolutionNode = FALSE
	EndGlobalSection
	GlobalSection(ExtensibilityGlobals) = postSolution
		SolutionGuid = {710EDA4B-9857-413F-B9F5-3B0433DDA514}
	EndGlobalSection
EndGlobal
